{
  "name": "@namespace/dataVTest",
  "version": "0.0.1",
  "lockfileVersion": 1,
  "requires": true,
  "dependencies": {
    "bcore": {
      "version": "0.0.18",
      "resolved": "https://registry.npmjs.org/bcore/-/bcore-0.0.18.tgz",
      "integrity": "sha1-UpF416UvaoAexK4pKLFLMTGYRC4="
    },
    "datav-g2plot-adaptor": {
      "version": "2.3.18",
      "resolved": "https://r.cnpmjs.org/datav-g2plot-adaptor/download/datav-g2plot-adaptor-2.3.18.tgz",
      "integrity": "sha1-2otXGHukD/1ZntRs/VvaPfvusZo="
    },
    "jquery": {
      "version": "2.1.4",
      "resolved": "https://registry.npmjs.org/jquery/-/jquery-2.1.4.tgz",
      "integrity": "sha1-IoveaYoMYUMdwmMKahVPFYkNIxc="
    },
    "lodash": {
      "version": "4.6.1",
      "resolved": "https://registry.npmjs.org/lodash/-/lodash-4.6.1.tgz",
      "integrity": "sha1-3wDBFkrSNrGDz8OIel6NOMxjy7w="
    }
  }
}
